--- 
hash: 98cc0c2072b53626006b5140bede8aec8b3b761c
sources: 
- Rubygems: 
    uri: http://gemcutter.org
specs: 
- rake: 
    version: 0.8.7
- addressable: 
    version: 2.1.2
- archive-tar-minitar: 
    version: 0.5.2
- curb: 
    version: 0.7.3
- json: 
    version: 1.2.4
- nokogiri: 
    version: 1.4.1
- calais: 
    version: 0.0.9
- columnize: 
    version: 0.3.1
- factory_girl: 
    version: 1.2.3
- json_pure: 
    version: 1.4.3
- rubyforge: 
    version: 2.0.4
- hoe: 
    version: 2.6.0
- hpricot: 
    version: 0.8.2
- ruby_core_source: 
    version: 0.1.4
- linecache19: 
    version: 0.5.11
- mime-types: 
    version: "1.16"
- rest-client: 
    version: 1.4.2
- ruby-debug-base19: 
    version: 0.11.23
- ruby-debug19: 
    version: 0.11.6
- shoulda: 
    version: 2.10.3
- test-unit: 
    version: 1.2.3
- webmock: 
    version: 1.0.0
dependencies: 
  rake: 
    version: = 0.8.7
    group: 
    - :default
  hpricot: 
    version: = 0.8.2
    group: 
    - :default
  json: 
    version: = 1.2.4
    group: 
    - :default
  rest-client: 
    version: = 1.4.2
    group: 
    - :default
  calais: 
    version: = 0.0.9
    group: 
    - :default
  ruby-debug19: 
    version: = 0.11.6
    group: 
    - :development
    require: []

  test-unit: 
    version: = 1.2.3
    group: 
    - :test
    require: 
    - test/unit
  shoulda: 
    version: = 2.10.3
    group: 
    - :test
  factory_girl: 
    version: = 1.2.3
    group: 
    - :test
  webmock: 
    version: = 1.0.0
    group: 
    - :test
